// !$*UTF8*$!
{
	archiveVersion = 1;
	classes = {
	};
	objectVersion = 50;
	objects = {

/* Begin PBXBuildFile section */
		DF09340925D1FC2700CBE12E /* WebViewController.swift in Sources */ = {isa = PBXBuildFile; fileRef = DF09340825D1FC2700CBE12E /* WebViewController.swift */; };
		DFE5E4CB25D19F1300FFF3CE /* AppDelegate.swift in Sources */ = {isa = PBXBuildFile; fileRef = DFE5E4CA25D19F1300FFF3CE /* AppDelegate.swift */; };
		DFE5E4CD25D19F1300FFF3CE /* SceneDelegate.swift in Sources */ = {isa = PBXBuildFile; fileRef = DFE5E4CC25D19F1300FFF3CE /* SceneDelegate.swift */; };
		DFE5E4CF25D19F1300FFF3CE /* ViewController.swift in Sources */ = {isa = PBXBuildFile; fileRef = DFE5E4CE25D19F1300FFF3CE /* ViewController.swift */; };
		DFE5E4D225D19F1300FFF3CE /* Main.storyboard in Resources */ = {isa = PBXBuildFile; fileRef = DFE5E4D025D19F1300FFF3CE /* Main.storyboard */; };
		DFE5E4D425D19F1400FFF3CE /* Assets.xcassets in Resources */ = {isa = PBXBuildFile; fileRef = DFE5E4D325D19F1400FFF3CE /* Assets.xcassets */; };
		DFE5E4D725D19F1400FFF3CE /* LaunchScreen.storyboard in Resources */ = {isa = PBXBuildFile; fileRef = DFE5E4D525D19F1400FFF3CE /* LaunchScreen.storyboard */; };
		DFE5E4E025D1A10200FFF3CE /* Capital.swift in Sources */ = {isa = PBXBuildFile; fileRef = DFE5E4DF25D1A10200FFF3CE /* Capital.swift */; };
/* End PBXBuildFile section */

/* Begin PBXFileReference section */
		DF09340825D1FC2700CBE12E /* WebViewController.swift */ = {isa = PBXFileReference; lastKnownFileType = sourcecode.swift; path = WebViewController.swift; sourceTree = "<group>"; };
		DFE5E4C725D19F1300FFF3CE /* Project16_CapitalCities.app */ = {isa = PBXFileReference; explicitFileType = wrapper.application; includeInIndex = 0; path = Project16_CapitalCities.app; sourceTree = BUILT_PRODUCTS_DIR; };
		DFE5E4CA25D19F1300FFF3CE /* AppDelegate.swift */ = {isa = PBXFileReference; lastKnownFileType = sourcecode.swift; path = AppDelegate.swift; sourceTree = "<group>"; };
		DFE5E4CC25D19F1300FFF3CE /* SceneDelegate.swift */ = {isa = PBXFileReference; lastKnownFileType = sourcecode.swift; path = SceneDelegate.swift; sourceTree = "<group>"; };
		DFE5E4CE25D19F1300FFF3CE /* ViewController.swift */ = {isa = PBXFileReference; lastKnownFileType = sourcecode.swift; path = ViewController.swift; sourceTree = "<group>"; };
		DFE5E4D125D19F1300FFF3CE /* Base */ = {isa = PBXFileReference; lastKnownFileType = file.storyboard; name = Base; path = Base.lproj/Main.storyboard; sourceTree = "<group>"; };
		DFE5E4D325D19F1400FFF3CE /* Assets.xcassets */ = {isa = PBXFileReference; lastKnownFileType = folder.assetcatalog; path = Assets.xcassets; sourceTree = "<group>"; };
		DFE5E4D625D19F1400FFF3CE /* Base */ = {isa = PBXFileReference; lastKnownFileType = file.storyboard; name = Base; path = Base.lproj/LaunchScreen.storyboard; sourceTree = "<group>"; };
		DFE5E4D825D19F1400FFF3CE /* Info.plist */ = {isa = PBXFileReference; lastKnownFileType = text.plist.xml; path = Info.plist; sourceTree = "<group>"; };
		DFE5E4DF25D1A10200FFF3CE /* Capital.swift */ = {isa = PBXFileReference; lastKnownFileType = sourcecode.swift; path = Capital.swift; sourceTree = "<group>"; };
/* End PBXFileReference section */

/* Begin PBXFrameworksBuildPhase section */
		DFE5E4C425D19F1300FFF3CE /* Frameworks */ = {
			isa = PBXFrameworksBuildPhase;
			buildActionMask = 2147483647;
			files = (
			);
			runOnlyForDeploymentPostprocessing = 0;
		};
/* End PBXFrameworksBuildPhase section */

/* Begin PBXGroup section */
		DFE5E4BE25D19F1300FFF3CE = {
			isa = PBXGroup;
			children = (
				DFE5E4C925D19F1300FFF3CE /* Project16_CapitalCities */,
				DFE5E4C825D19F1300FFF3CE /* Products */,
			);
			sourceTree = "<group>";
		};
		DFE5E4C825D19F1300FFF3CE /* Products */ = {
			isa = PBXGroup;
			children = (
				DFE5E4C725D19F1300FFF3CE /* Project16_CapitalCities.app */,
			);
			name = Products;
			sourceTree = "<group>";
		};
		DFE5E4C925D19F1300FFF3CE /* Project16_CapitalCities */ = {
			isa = PBXGroup;
			children = (
				DFE5E4CA25D19F1300FFF3CE /* AppDelegate.swift */,
				DFE5E4CC25D19F1300FFF3CE /* SceneDelegate.swift */,
				DFE5E4CE25D19F1300FFF3CE /* ViewController.swift */,
				DF09340825D1FC2700CBE12E /* WebViewController.swift */,
				DFE5E4DF25D1A10200FFF3CE /* Capital.swift */,
				DFE5E4D025D19F1300FFF3CE /* Main.storyboard */,
				DFE5E4D325D19F1400FFF3CE /* Assets.xcassets */,
				DFE5E4D525D19F1400FFF3CE /* LaunchScreen.storyboard */,
				DFE5E4D825D19F1400FFF3CE /* Info.plist */,
			);
			path = Project16_CapitalCities;
			sourceTree = "<group>";
		};
/* End PBXGroup section */

/* Begin PBXNativeTarget section */
		DFE5E4C625D19F1300FFF3CE /* Project16_CapitalCities */ = {
			isa = PBXNativeTarget;
			buildConfigurationList = DFE5E4DB25D19F1400FFF3CE /* Build configuration list for PBXNativeTarget "Project16_CapitalCities" */;
			buildPhases = (
				DFE5E4C325D19F1300FFF3CE /* Sources */,
				DFE5E4C425D19F1300FFF3CE /* Frameworks */,
				DFE5E4C525D19F1300FFF3CE /* Resources */,
			);
			buildRules = (
			);
			dependencies = (
			);
			name = Project16_CapitalCities;
			productName = Project16_CapitalCities;
			productReference = DFE5E4C725D19F1300FFF3CE /* Project16_CapitalCities.app */;
			productType = "com.apple.product-type.application";
		};
/* End PBXNativeTarget section */

/* Begin PBXProject section */
		DFE5E4BF25D19F1300FFF3CE /* Project object */ = {
			isa = PBXProject;
			attributes = {
				LastSwiftUpdateCheck = 1240;
				LastUpgradeCheck = 1240;
				TargetAttributes = {
					DFE5E4C625D19F1300FFF3CE = {
						CreatedOnToolsVersion = 12.4;
					};
				};
			};
			buildConfigurationList = DFE5E4C225D19F1300FFF3CE /* Build configuration list for PBXProject "Project16_CapitalCities" */;
			compatibilityVersion = "Xcode 9.3";
			developmentRegion = en;
			hasScannedForEncodings = 0;
			knownRegions = (
				en,
				Base,
			);
			mainGroup = DFE5E4BE25D19F1300FFF3CE;
			productRefGroup = DFE5E4C825D19F1300FFF3CE /* Products */;
			projectDirPath = "";
			projectRoot = "";
			targets = (
				DFE5E4C625D19F1300FFF3CE /* Project16_CapitalCities */,
			);
		};
/* End PBXProject section */

/* Begin PBXResourcesBuildPhase section */
		DFE5E4C525D19F1300FFF3CE /* Resources */ = {
			isa = PBXResourcesBuildPhase;
			buildActionMask = 2147483647;
			files = (
				DFE5E4D725D19F1400FFF3CE /* LaunchScreen.storyboard in Resources */,
				DFE5E4D425D19F1400FFF3CE /* Assets.xcassets in Resources */,
				DFE5E4D225D19F1300FFF3CE /* Main.storyboard in Resources */,
			);
			runOnlyForDeploymentPostprocessing = 0;
		};
/* End PBXResourcesBuildPhase section */

/* Begin PBXSourcesBuildPhase section */
		DFE5E4C325D19F1300FFF3CE /* Sources */ = {
			isa = PBXSourcesBuildPhase;
			buildActionMask = 2147483647;
			files = (
				DF09340925D1FC2700CBE12E /* WebViewController.swift in Sources */,
				DFE5E4CF25D19F1300FFF3CE /* ViewController.swift in Sources */,
				DFE5E4CB25D19F1300FFF3CE /* AppDelegate.swift in Sources */,
				DFE5E4E025D1A10200FFF3CE /* Capital.swift in Sources */,
				DFE5E4CD25D19F1300FFF3CE /* SceneDelegate.swift in Sources */,
			);
			runOnlyForDeploymentPostprocessing = 0;
		};
/* End PBXSourcesBuildPhase section */

/* Begin PBXVariantGroup section */
		DFE5E4D025D19F1300FFF3CE /* Main.storyboard */ = {
			isa = PBXVariantGroup;
			children = (
				DFE5E4D125D19F1300FFF3CE /* Base */,
			);
			name = Main.storyboard;
			sourceTree = "<group>";
		};
		DFE5E4D525D19F1400FFF3CE /* LaunchScreen.storyboard */ = {
			isa = PBXVariantGroup;
			children = (
				DFE5E4D625D19F1400FFF3CE /* Base */,
			);
			name = LaunchScreen.storyboard;
			sourceTree = "<group>";
		};
/* End PBXVariantGroup section */

/* Begin XCBuildConfiguration section */
		DFE5E4D925D19F1400FFF3CE /* Debug */ = {
			isa = XCBuildConfiguration;
			buildSettings = {
				ALWAYS_SEARCH_USER_PATHS = NO;
				CLANG_ANALYZER_NONNULL = YES;
				CLANG_ANALYZER_NUMBER_OBJECT_CONVERSION = YES_AGGRESSIVE;
				CLANG_CXX_LANGUAGE_STANDARD = "gnu++14";
				CLANG_CXX_LIBRARY = "libc++";
				CLANG_ENABLE_MODULES = YES;
				CLANG_ENABLE_OBJC_ARC = YES;
				CLANG_ENABLE_OBJC_WEAK = YES;
				CLANG_WARN_BLOCK_CAPTURE_AUTORELEASING = YES;
				CLANG_WARN_BOOL_CONVERSION = YES;
				CLANG_WARN_COMMA = YES;
				CLANG_WARN_CONSTANT_CONVERSION = YES;
				CLANG_WARN_DEPRECATED_OBJC_IMPLEMENTATIONS = YES;
				CLANG_WARN_DIRECT_OBJC_ISA_USAGE = YES_ERROR;
				CLANG_WARN_DOCUMENTATION_COMMENTS = YES;
				CLANG_WARN_EMPTY_BODY = YES;
				CLANG_WARN_ENUM_CONVERSION = YES;
				CLANG_WARN_INFINITE_RECURSION = YES;
				CLANG_WARN_INT_CONVERSION = YES;
				CLANG_WARN_NON_LITERAL_NULL_CONVERSION = YES;
				CLANG_WARN_OBJC_IMPLICIT_RETAIN_SELF = YES;
				CLANG_WARN_OBJC_LITERAL_CONVERSION = YES;
				CLANG_WARN_OBJC_ROOT_CLASS = YES_ERROR;
				CLANG_WARN_QUOTED_INCLUDE_IN_FRAMEWORK_HEADER = YES;
				CLANG_WARN_RANGE_LOOP_ANALYSIS = YES;
				CLANG_WARN_STRICT_PROTOTYPES = YES;
				CLANG_WARN_SUSPICIOUS_MOVE = YES;
				CLANG_WARN_UNGUARDED_AVAILABILITY = YES_AGGRESSIVE;
				CLANG_WARN_UNREACHABLE_CODE = YES;
				CLANG_WARN__DUPLICATE_METHOD_MATCH = YES;
				COPY_PHASE_STRIP = NO;
				DEBUG_INFORMATION_FORMAT = dwarf;
				ENABLE_STRICT_OBJC_MSGSEND = YES;
				ENABLE_TESTABILITY = YES;
				GCC_C_LANGUAGE_STANDARD = gnu11;
				GCC_DYNAMIC_NO_PIC = NO;
				GCC_NO_COMMON_BLOCKS = YES;
				GCC_OPTIMIZATION_LEVEL = 0;
				GCC_PREPROCESSOR_DEFINITIONS = (
					"DEBUG=1",
					"$(inherited)",
				);
				GCC_WARN_64_TO_32_BIT_CONVERSION = YES;
				GCC_WARN_ABOUT_RETURN_TYPE = YES_ERROR;
				GCC_WARN_UNDECLARED_SELECTOR = YES;
				GCC_WARN_UNINITIALIZED_AUTOS = YES_AGGRESSIVE;
				GCC_WARN_UNUSED_FUNCTION = YES;
				GCC_WARN_UNUSED_VARIABLE = YES;
				IPHONEOS_DEPLOYMENT_TARGET = 14.4;
				MTL_ENABLE_DEBUG_INFO = INCLUDE_SOURCE;
				MTL_FAST_MATH = YES;
				ONLY_ACTIVE_ARCH = YES;
				SDKROOT = iphoneos;
				SWIFT_ACTIVE_COMPILATION_CONDITIONS = DEBUG;
				SWIFT_OPTIMIZATION_LEVEL = "-Onone";
			};
			name = Debug;
		};
		DFE5E4DA25D19F1400FFF3CE /* Release */ = {
			isa = XCBuildConfiguration;
			buildSettings = {
				ALWAYS_SEARCH_USER_PATHS = NO;
				CLANG_ANALYZER_NONNULL = YES;
				CLANG_ANALYZER_NUMBER_OBJECT_CONVERSION = YES_AGGRESSIVE;
				CLANG_CXX_LANGUAGE_STANDARD = "gnu++14";
				CLANG_CXX_LIBRARY = "libc++";
				CLANG_ENABLE_MODULES = YES;
				CLANG_ENABLE_OBJC_ARC = YES;
				CLANG_ENABLE_OBJC_WEAK = YES;
				CLANG_WARN_BLOCK_CAPTURE_AUTORELEASING = YES;
				CLANG_WARN_BOOL_CONVERSION = YES;
				CLANG_WARN_COMMA = YES;
				CLANG_WARN_CONSTANT_CONVERSION = YES;
				CLANG_WARN_DEPRECATED_OBJC_IMPLEMENTATIONS = YES;
				CLANG_WARN_DIRECT_OBJC_ISA_USAGE = YES_ERROR;
				CLANG_WARN_DOCUMENTATION_COMMENTS = YES;
				CLANG_WARN_EMPTY_BODY = YES;
				CLANG_WARN_ENUM_CONVERSION = YES;
				CLANG_WARN_INFINITE_RECURSION = YES;
				CLANG_WARN_INT_CONVERSION = YES;
				CLANG_WARN_NON_LITERAL_NULL_CONVERSION = YES;
				CLANG_WARN_OBJC_IMPLICIT_RETAIN_SELF = YES;
				CLANG_WARN_OBJC_LITERAL_CONVERSION = YES;
				CLANG_WARN_OBJC_ROOT_CLASS = YES_ERROR;
				CLANG_WARN_QUOTED_INCLUDE_IN_FRAMEWORK_HEADER = YES;
				CLANG_WARN_RANGE_LOOP_ANALYSIS = YES;
				CLANG_WARN_STRICT_PROTOTYPES = YES;
				CLANG_WARN_SUSPICIOUS_MOVE = YES;
				CLANG_WARN_UNGUARDED_AVAILABILITY = YES_AGGRESSIVE;
				CLANG_WARN_UNREACHABLE_CODE = YES;
				CLANG_WARN__DUPLICATE_METHOD_MATCH = YES;
				COPY_PHASE_STRIP = NO;
				DEBUG_INFORMATION_FORMAT = "dwarf-with-dsym";
				ENABLE_NS_ASSERTIONS = NO;
				ENABLE_STRICT_OBJC_MSGSEND = YES;
				GCC_C_LANGUAGE_STANDARD = gnu11;
				GCC_NO_COMMON_BLOCKS = YES;
				GCC_WARN_64_TO_32_BIT_CONVERSION = YES;
				GCC_WARN_ABOUT_RETURN_TYPE = YES_ERROR;
				GCC_WARN_UNDECLARED_SELECTOR = YES;
				GCC_WARN_UNINITIALIZED_AUTOS = YES_AGGRESSIVE;
				GCC_WARN_UNUSED_FUNCTION = YES;
				GCC_WARN_UNUSED_VARIABLE = YES;
				IPHONEOS_DEPLOYMENT_TARGET = 14.4;
				MTL_ENABLE_DEBUG_INFO = NO;
				MTL_FAST_MATH = YES;
				SDKROOT = iphoneos;
				SWIFT_COMPILATION_MODE = wholemodule;
				SWIFT_OPTIMIZATION_LEVEL = "-O";
				VALIDATE_PRODUCT = YES;
			};
			name = Release;
		};
		DFE5E4DC25D19F1400FFF3CE /* Debug */ = {
			isa = XCBuildConfiguration;
			buildSettings = {
				ASSETCATALOG_COMPILER_APPICON_NAME = AppIcon;
				ASSETCATALOG_COMPILER_GLOBAL_ACCENT_COLOR_NAME = AccentColor;
				CODE_SIGN_STYLE = Automatic;
				DEVELOPMENT_TEAM = HQGUF324D5;
				INFOPLIST_FILE = Project16_CapitalCities/Info.plist;
				LD_RUNPATH_SEARCH_PATHS = (
					"$(inherited)",
					"@executable_path/Frameworks",
				);
				PRODUCT_BUNDLE_IDENTIFIER = "com.example.Project16-CapitalCities";
				PRODUCT_NAME = "$(TARGET_NAME)";
				SWIFT_VERSION = 5.0;
				TARGETED_DEVICE_FAMILY = "1,2";
			};
			name = Debug;
		};
		DFE5E4DD25D19F1400FFF3CE /* Release */ = {
			isa = XCBuildConfiguration;
			buildSettings = {
				ASSETCATALOG_COMPILER_APPICON_NAME = AppIcon;
				ASSETCATALOG_COMPILER_GLOBAL_ACCENT_COLOR_NAME = AccentColor;
				CODE_SIGN_STYLE = Automatic;
				DEVELOPMENT_TEAM = HQGUF324D5;
				INFOPLIST_FILE = Project16_CapitalCities/Info.plist;
				LD_RUNPATH_SEARCH_PATHS = (
					"$(inherited)",
					"@executable_path/Frameworks",
				);
				PRODUCT_BUNDLE_IDENTIFIER = "com.example.Project16-CapitalCities";
				PRODUCT_NAME = "$(TARGET_NAME)";
				SWIFT_VERSION = 5.0;
				TARGETED_DEVICE_FAMILY = "1,2";
			};
			name = Release;
		};
/* End XCBuildConfiguration section */

/* Begin XCConfigurationList section */
		DFE5E4C225D19F1300FFF3CE /* Build configuration list for PBXProject "Project16_CapitalCities" */ = {
			isa = XCConfigurationList;
			buildConfigurations = (
				DFE5E4D925D19F1400FFF3CE /* Debug */,
				DFE5E4DA25D19F1400FFF3CE /* Release */,
			);
			defaultConfigurationIsVisible = 0;
			defaultConfigurationName = Release;
		};
		DFE5E4DB25D19F1400FFF3CE /* Build configuration list for PBXNativeTarget "Project16_CapitalCities" */ = {
			isa = XCConfigurationList;
			buildConfigurations = (
				DFE5E4DC25D19F1400FFF3CE /* Debug */,
				DFE5E4DD25D19F1400FFF3CE /* Release */,
			);
			defaultConfigurationIsVisible = 0;
			defaultConfigurationName = Release;
		};
/* End XCConfigurationList section */
	};
	rootObject = DFE5E4BF25D19F1300FFF3CE /* Project object */;
}
